
Microsoft Visual Studio Solution File, Format Version 12.00
# Visual Studio Version 17
VisualStudioVersion = 17.9.34728.123
MinimumVisualStudioVersion = 10.0.40219.1
Project("{9A19103F-16F7-4668-BE54-9A1E7A4F7556}") = "TimeCard.Domain", "TimeCard.Domain\TimeCard.Domain.csproj", "{657B931D-D150-4431-B396-F91A0ED434BC}"
EndProject
Project("{9A19103F-16F7-4668-BE54-9A1E7A4F7556}") = "TimeCard.Service", "TimeCard.Service\TimeCard.Service.csproj", "{D851BD3E-47EE-4BE1-9F25-BA2CC263752F}"
EndProject
Project("{FAE04EC0-301F-11D3-BF4B-00C04F79EFBC}") = "TimeCard.UI", "TimeCard.UI\TimeCard.UI.csproj", "{5957336B-0753-4FF1-9101-43DF3D93CAD8}"
EndProject
Global
	GlobalSection(SolutionConfigurationPlatforms) = preSolution
		Debug|Any CPU = Debug|Any CPU
		Release|Any CPU = Release|Any CPU
	EndGlobalSection
	GlobalSection(ProjectConfigurationPlatforms) = postSolution
		{657B931D-D150-4431-B396-F91A0ED434BC}.Debug|Any CPU.ActiveCfg = Debug|Any CPU
		{657B931D-D150-4431-B396-F91A0ED434BC}.Debug|Any CPU.Build.0 = Debug|Any CPU
		{657B931D-D150-4431-B396-F91A0ED434BC}.Release|Any CPU.ActiveCfg = Release|Any CPU
		{657B931D-D150-4431-B396-F91A0ED434BC}.Release|Any CPU.Build.0 = Release|Any CPU
		{D851BD3E-47EE-4BE1-9F25-BA2CC263752F}.Debug|Any CPU.ActiveCfg = Debug|Any CPU
		{D851BD3E-47EE-4BE1-9F25-BA2CC263752F}.Debug|Any CPU.Build.0 = Debug|Any CPU
		{D851BD3E-47EE-4BE1-9F25-BA2CC263752F}.Release|Any CPU.ActiveCfg = Release|Any CPU
		{D851BD3E-47EE-4BE1-9F25-BA2CC263752F}.Release|Any CPU.Build.0 = Release|Any CPU
		{5957336B-0753-4FF1-9101-43DF3D93CAD8}.Debug|Any CPU.ActiveCfg = Debug|Any CPU
		{5957336B-0753-4FF1-9101-43DF3D93CAD8}.Debug|Any CPU.Build.0 = Debug|Any CPU
		{5957336B-0753-4FF1-9101-43DF3D93CAD8}.Release|Any CPU.ActiveCfg = Release|Any CPU
		{5957336B-0753-4FF1-9101-43DF3D93CAD8}.Release|Any CPU.Build.0 = Release|Any CPU
	EndGlobalSection
	GlobalSection(SolutionProperties) = preSolution
		HideSolutionNode = FALSE
	EndGlobalSection
	GlobalSection(ExtensibilityGlobals) = postSolution
		SolutionGuid = {C35B459B-05B0-4467-9D43-E664267E1395}
	EndGlobalSection
EndGlobal
